{
  "name": "TeamThaiBen",
  "lockfileVersion": 3,
  "requires": true,
  "packages": {
    "": {
      "dependencies": {
        "photoswipe": "^5.3.7",
        "tinymce": "^6.3.2"
      }
    },
    "node_modules/photoswipe": {
      "version": "5.3.7",
      "resolved": "https://registry.npmjs.org/photoswipe/-/photoswipe-5.3.7.tgz",
      "integrity": "sha512-zsyLsTTLFrj0XR1m4/hO7qNooboFKUrDy+Zt5i2d6qjFPAtBjzaj/Xtydso4uxzcXpcqbTmyxDibb3BcSISseg==",
      "engines": {
        "node": ">= 0.12.0"
      }
    },
    "node_modules/tinymce": {
      "version": "6.3.2",
      "resolved": "https://registry.npmjs.org/tinymce/-/tinymce-6.3.2.tgz",
      "integrity": "sha512-nOVHk4FhHKQj48hi7fEptS1Se6CNzPtfIcDzTO70KoTcSiQIFzhhZjS5bPotSzFnQ4dIQJ4QPOd7sqNs6fXUrA=="
    }
  }
}
